
Microsoft Visual Studio Solution File, Format Version 12.00
# Visual Studio 15
VisualStudioVersion = 15.0.27703.2000
MinimumVisualStudioVersion = 10.0.40219.1
Project("{FAE04EC0-301F-11D3-BF4B-00C04F79EFBC}") = "ProviderPortal", "ProviderPortal.csproj", "{F701E226-1AB4-40F4-9F77-D09DE27C5A81}"
EndProject
Global
	GlobalSection(SolutionConfigurationPlatforms) = preSolution
		Debug|Any CPU = Debug|Any CPU
		Release|Any CPU = Release|Any CPU
	EndGlobalSection
	GlobalSection(ProjectConfigurationPlatforms) = postSolution
		{F701E226-1AB4-40F4-9F77-D09DE27C5A81}.Debug|Any CPU.ActiveCfg = Debug|Any CPU
		{F701E226-1AB4-40F4-9F77-D09DE27C5A81}.Debug|Any CPU.Build.0 = Debug|Any CPU
		{F701E226-1AB4-40F4-9F77-D09DE27C5A81}.Release|Any CPU.ActiveCfg = Release|Any CPU
		{F701E226-1AB4-40F4-9F77-D09DE27C5A81}.Release|Any CPU.Build.0 = Release|Any CPU
	EndGlobalSection
	GlobalSection(SolutionProperties) = preSolution
		HideSolutionNode = FALSE
	EndGlobalSection
	GlobalSection(ExtensibilityGlobals) = postSolution
		SolutionGuid = {C1106F5B-29DF-4008-835B-013E67E4B133}
	EndGlobalSection
EndGlobal
